
Microsoft Visual Studio Solution File, Format Version 12.00
# Visual Studio 15
VisualStudioVersion = 15.0.27703.2042
MinimumVisualStudioVersion = 10.0.40219.1
Project("{FAE04EC0-301F-11D3-BF4B-00C04F79EFBC}") = "CarRental", "CarRental\CarRental.csproj", "{73916263-3B5C-4D2E-A62C-76BAFFE7D3AA}"
EndProject
Project("{FAE04EC0-301F-11D3-BF4B-00C04F79EFBC}") = "OOPDemo", "OOPDemo\OOPDemo.csproj", "{18EB9DC8-2799-4782-98F0-551C9A2C20E6}"
EndProject
Project("{FAE04EC0-301F-11D3-BF4B-00C04F79EFBC}") = "EFModelFirstDemo", "EFModelFirstDemo\EFModelFirstDemo.csproj", "{030B9B3F-B3FA-4B5E-93F6-1BFEE20A1D13}"
EndProject
Project("{FAE04EC0-301F-11D3-BF4B-00C04F79EFBC}") = "DBFirstDemo", "DBFirstDemo\DBFirstDemo.csproj", "{E77ACB58-11AB-4128-B723-601BDFACA79B}"
EndProject
Project("{FAE04EC0-301F-11D3-BF4B-00C04F79EFBC}") = "EFCodeFirstDemo", "EFCodeFirstDemo\EFCodeFirstDemo.csproj", "{4B70C2DE-9406-4E7C-960E-875AADCE171A}"
EndProject
Project("{FAE04EC0-301F-11D3-BF4B-00C04F79EFBC}") = "CarRental.API", "CarRental.API\CarRental.API.csproj", "{646A8F5D-6B68-43AC-AC5A-9C096B7CC009}"
EndProject
Project("{FAE04EC0-301F-11D3-BF4B-00C04F79EFBC}") = "CarRental.Client", "CarRental.Client\CarRental.Client.csproj", "{AE295392-EB32-4588-A94B-E43711E9BA6A}"
EndProject
Project("{2150E333-8FDC-42A3-9474-1A3956D46DE8}") = "Projekt", "Projekt", "{EB4F5DA7-6C72-4B17-96CB-F0DF04CB6CF9}"
EndProject
Project("{FAE04EC0-301F-11D3-BF4B-00C04F79EFBC}") = "Snacklager.Data", "Snacklager.Data\Snacklager.Data.csproj", "{742BDC1B-12CA-4055-82E0-21B438080E8D}"
EndProject
Project("{FAE04EC0-301F-11D3-BF4B-00C04F79EFBC}") = "Snacklager.Logic", "Snacklager.Logic\Snacklager.Logic.csproj", "{7B5CE1DB-B04C-4393-A2E1-46ADD48A88D1}"
EndProject
Project("{FAE04EC0-301F-11D3-BF4B-00C04F79EFBC}") = "Snacklager.Logic.Tests", "Snacklager.Logic.Tests\Snacklager.Logic.Tests.csproj", "{3FFF7E8E-3868-4293-99F9-2FB8C766E340}"
EndProject
Project("{FAE04EC0-301F-11D3-BF4B-00C04F79EFBC}") = "Snacklager.Web", "Snacklager.Web\Snacklager.Web.csproj", "{B38AA76B-9ACF-441C-8A7C-A74933D7CB69}"
EndProject
Global
	GlobalSection(SolutionConfigurationPlatforms) = preSolution
		Debug|Any CPU = Debug|Any CPU
		Release|Any CPU = Release|Any CPU
	EndGlobalSection
	GlobalSection(ProjectConfigurationPlatforms) = postSolution
		{73916263-3B5C-4D2E-A62C-76BAFFE7D3AA}.Debug|Any CPU.ActiveCfg = Debug|Any CPU
		{73916263-3B5C-4D2E-A62C-76BAFFE7D3AA}.Debug|Any CPU.Build.0 = Debug|Any CPU
		{73916263-3B5C-4D2E-A62C-76BAFFE7D3AA}.Release|Any CPU.ActiveCfg = Release|Any CPU
		{73916263-3B5C-4D2E-A62C-76BAFFE7D3AA}.Release|Any CPU.Build.0 = Release|Any CPU
		{18EB9DC8-2799-4782-98F0-551C9A2C20E6}.Debug|Any CPU.ActiveCfg = Debug|Any CPU
		{18EB9DC8-2799-4782-98F0-551C9A2C20E6}.Debug|Any CPU.Build.0 = Debug|Any CPU
		{18EB9DC8-2799-4782-98F0-551C9A2C20E6}.Release|Any CPU.ActiveCfg = Release|Any CPU
		{18EB9DC8-2799-4782-98F0-551C9A2C20E6}.Release|Any CPU.Build.0 = Release|Any CPU
		{030B9B3F-B3FA-4B5E-93F6-1BFEE20A1D13}.Debug|Any CPU.ActiveCfg = Debug|Any CPU
		{030B9B3F-B3FA-4B5E-93F6-1BFEE20A1D13}.Debug|Any CPU.Build.0 = Debug|Any CPU
		{030B9B3F-B3FA-4B5E-93F6-1BFEE20A1D13}.Release|Any CPU.ActiveCfg = Release|Any CPU
		{030B9B3F-B3FA-4B5E-93F6-1BFEE20A1D13}.Release|Any CPU.Build.0 = Release|Any CPU
		{E77ACB58-11AB-4128-B723-601BDFACA79B}.Debug|Any CPU.ActiveCfg = Debug|Any CPU
		{E77ACB58-11AB-4128-B723-601BDFACA79B}.Debug|Any CPU.Build.0 = Debug|Any CPU
		{E77ACB58-11AB-4128-B723-601BDFACA79B}.Release|Any CPU.ActiveCfg = Release|Any CPU
		{E77ACB58-11AB-4128-B723-601BDFACA79B}.Release|Any CPU.Build.0 = Release|Any CPU
		{4B70C2DE-9406-4E7C-960E-875AADCE171A}.Debug|Any CPU.ActiveCfg = Debug|Any CPU
		{4B70C2DE-9406-4E7C-960E-875AADCE171A}.Debug|Any CPU.Build.0 = Debug|Any CPU
		{4B70C2DE-9406-4E7C-960E-875AADCE171A}.Release|Any CPU.ActiveCfg = Release|Any CPU
		{4B70C2DE-9406-4E7C-960E-875AADCE171A}.Release|Any CPU.Build.0 = Release|Any CPU
		{646A8F5D-6B68-43AC-AC5A-9C096B7CC009}.Debug|Any CPU.ActiveCfg = Debug|Any CPU
		{646A8F5D-6B68-43AC-AC5A-9C096B7CC009}.Debug|Any CPU.Build.0 = Debug|Any CPU
		{646A8F5D-6B68-43AC-AC5A-9C096B7CC009}.Release|Any CPU.ActiveCfg = Release|Any CPU
		{646A8F5D-6B68-43AC-AC5A-9C096B7CC009}.Release|Any CPU.Build.0 = Release|Any CPU
		{AE295392-EB32-4588-A94B-E43711E9BA6A}.Debug|Any CPU.ActiveCfg = Debug|Any CPU
		{AE295392-EB32-4588-A94B-E43711E9BA6A}.Debug|Any CPU.Build.0 = Debug|Any CPU
		{AE295392-EB32-4588-A94B-E43711E9BA6A}.Release|Any CPU.ActiveCfg = Release|Any CPU
		{AE295392-EB32-4588-A94B-E43711E9BA6A}.Release|Any CPU.Build.0 = Release|Any CPU
		{742BDC1B-12CA-4055-82E0-21B438080E8D}.Debug|Any CPU.ActiveCfg = Debug|Any CPU
		{742BDC1B-12CA-4055-82E0-21B438080E8D}.Debug|Any CPU.Build.0 = Debug|Any CPU
		{742BDC1B-12CA-4055-82E0-21B438080E8D}.Release|Any CPU.ActiveCfg = Release|Any CPU
		{742BDC1B-12CA-4055-82E0-21B438080E8D}.Release|Any CPU.Build.0 = Release|Any CPU
		{7B5CE1DB-B04C-4393-A2E1-46ADD48A88D1}.Debug|Any CPU.ActiveCfg = Debug|Any CPU
		{7B5CE1DB-B04C-4393-A2E1-46ADD48A88D1}.Debug|Any CPU.Build.0 = Debug|Any CPU
		{7B5CE1DB-B04C-4393-A2E1-46ADD48A88D1}.Release|Any CPU.ActiveCfg = Release|Any CPU
		{7B5CE1DB-B04C-4393-A2E1-46ADD48A88D1}.Release|Any CPU.Build.0 = Release|Any CPU
		{3FFF7E8E-3868-4293-99F9-2FB8C766E340}.Debug|Any CPU.ActiveCfg = Debug|Any CPU
		{3FFF7E8E-3868-4293-99F9-2FB8C766E340}.Debug|Any CPU.Build.0 = Debug|Any CPU
		{3FFF7E8E-3868-4293-99F9-2FB8C766E340}.Release|Any CPU.ActiveCfg = Release|Any CPU
		{3FFF7E8E-3868-4293-99F9-2FB8C766E340}.Release|Any CPU.Build.0 = Release|Any CPU
		{B38AA76B-9ACF-441C-8A7C-A74933D7CB69}.Debug|Any CPU.ActiveCfg = Debug|Any CPU
		{B38AA76B-9ACF-441C-8A7C-A74933D7CB69}.Debug|Any CPU.Build.0 = Debug|Any CPU
		{B38AA76B-9ACF-441C-8A7C-A74933D7CB69}.Release|Any CPU.ActiveCfg = Release|Any CPU
		{B38AA76B-9ACF-441C-8A7C-A74933D7CB69}.Release|Any CPU.Build.0 = Release|Any CPU
	EndGlobalSection
	GlobalSection(SolutionProperties) = preSolution
		HideSolutionNode = FALSE
	EndGlobalSection
	GlobalSection(NestedProjects) = preSolution
		{742BDC1B-12CA-4055-82E0-21B438080E8D} = {EB4F5DA7-6C72-4B17-96CB-F0DF04CB6CF9}
		{7B5CE1DB-B04C-4393-A2E1-46ADD48A88D1} = {EB4F5DA7-6C72-4B17-96CB-F0DF04CB6CF9}
		{3FFF7E8E-3868-4293-99F9-2FB8C766E340} = {EB4F5DA7-6C72-4B17-96CB-F0DF04CB6CF9}
		{B38AA76B-9ACF-441C-8A7C-A74933D7CB69} = {EB4F5DA7-6C72-4B17-96CB-F0DF04CB6CF9}
	EndGlobalSection
	GlobalSection(ExtensibilityGlobals) = postSolution
		SolutionGuid = {85EEE8AC-A9E5-4604-8518-0CBE49CCFD82}
	EndGlobalSection
EndGlobal
